<?xml version="1.0" encoding="UTF-8" standalone="yes" ?>
<CodeBlocks_project_file>
	<FileVersion major="1" minor="6" />
	<Project>
		<Option title="Copiste" />
		<Option pch_mode="2" />
		<Option compiler="gcc" />
		<Build>
			<Target title="Release">
				<Option output="bin/Copiste" prefix_auto="1" extension_auto="1" />
				<Option object_output="obj/" />
				<Option type="1" />
				<Option compiler="gcc" />
				<Option use_console_runner="0" />
				<Compiler>
					<Add option="-O2" />
					<Add directory="/usr/local/include/vlc" />
					<Add directory="/home/berthe/Programmation/NowPlaying/src" />
				</Compiler>
				<Linker>
					<Add option="-s" />
					<Add directory="/usr/local/lib/vlc" />
				</Linker>
			</Target>
		</Build>
		<Compiler>
			<Add option="-Wall" />
			<Add directory="/usr/local/share/qt4/include" />
			<Add directory="/usr/local/share/qt4/include/QtGui" />
			<Add directory="/usr/local/share/qt4/include/QtCore" />
			<Add directory="/usr/local/share/qt4/include/QtXml" />
			<Add directory="/usr/local/share/qt4/include/QtXmlPatterns" />
		</Compiler>
		<Linker>
			<Add library="QtCore" />
			<Add library="QtGui" />
			<Add library="vlc" />
			<Add library="QtXml" />
			<Add library="QtXmlPatterns" />
			<Add directory="/usr/local/share/qt4/lib" />
		</Linker>
		<Unit filename="corpus/linear-discrimination.xml" />
		<Unit filename="networks/MLP.xml" />
		<Unit filename="src/algo/abstractneuron.h" />
		<Unit filename="src/algo/analysis.cpp" />
		<Unit filename="src/algo/analysis.h" />
		<Unit filename="src/algo/corpus.cpp" />
		<Unit filename="src/algo/corpus.h" />
		<Unit filename="src/algo/inputneuron.h" />
		<Unit filename="src/algo/neuron.cpp" />
		<Unit filename="src/algo/neuron.h" />
		<Unit filename="src/algo/nnetwork.cpp" />
		<Unit filename="src/algo/nnetwork.h" />
		<Unit filename="src/analysis/corpusview.cpp" />
		<Unit filename="src/analysis/corpusview.h" />
		<Unit filename="src/core/audiochunk.h" />
		<Unit filename="src/core/main.cpp" />
		<Unit filename="src/core/moc_streamplayer.cpp" />
		<Unit filename="src/core/streamcatcher.cpp" />
		<Unit filename="src/core/streamcatcher.h" />
		<Unit filename="src/core/streamplayer.cpp" />
		<Unit filename="src/core/streamplayer.h" />
		<Unit filename="src/gui/graphique.cpp" />
		<Unit filename="src/gui/graphique.h" />
		<Unit filename="src/gui/mainwindow.cpp" />
		<Unit filename="src/gui/mainwindow.h" />
		<Unit filename="src/gui/moc_graphique.cpp" />
		<Unit filename="src/gui/moc_mainwindow.cpp" />
		<Unit filename="src/gui/systray.cpp" />
		<Unit filename="src/gui/systray.h" />
		<Unit filename="src/meta/moc_program.cpp" />
		<Unit filename="src/meta/plage.cpp" />
		<Unit filename="src/meta/plage.h" />
		<Unit filename="src/meta/profile.cpp" />
		<Unit filename="src/meta/profile.h" />
		<Unit filename="src/meta/program.cpp" />
		<Unit filename="src/meta/program.h" />
		<Extensions>
			<code_completion />
			<envvars />
			<lib_finder disable_auto="1" />
			<debugger />
		</Extensions>
	</Project>
</CodeBlocks_project_file>
