<?xml version="1.0" encoding="UTF-8" standalone="yes" ?>
<CodeBlocks_project_file>
	<FileVersion major="1" minor="6" />
	<Project>
		<Option title="Neurones" />
		<Option pch_mode="2" />
		<Option compiler="gcc" />
		<Build>
			<Target title="nnat">
				<Option output="nnat" prefix_auto="1" extension_auto="1" />
				<Option object_output="obj/" />
				<Option type="1" />
				<Option compiler="gcc" />
				<Option parameters="-teg --net networks/MLP.xml --corpus corpus/linear-discrimination.xml --verbose" />
				<Compiler>
					<Add option="-O2" />
				</Compiler>
				<Linker>
					<Add option="-s" />
				</Linker>
			</Target>
			<Target title="mkcorpus">
				<Option output="mkcorpus" prefix_auto="1" extension_auto="1" />
				<Option type="1" />
				<Option compiler="gcc" />
				<Option use_console_runner="0" />
				<Option parameters="rtl-inter/target.xml" />
				<Compiler>
					<Add option="-g" />
					<Add directory="/usr/local/share/qt4/include/QtCore" />
					<Add directory="/usr/local/share/qt4/include" />
					<Add directory="/usr/local/include/vlc" />
				</Compiler>
				<Linker>
					<Add library="QtCore" />
					<Add library="vlc" />
					<Add directory="/usr/local/share/qt4/lib" />
					<Add directory="/usr/local/lib/vlc" />
				</Linker>
			</Target>
			<Target title="specdraw">
				<Option output="specdraw" prefix_auto="1" extension_auto="1" />
				<Option type="1" />
				<Option compiler="gcc" />
				<Option use_console_runner="0" />
				<Option parameters="test/suhov-crop.wav" />
			</Target>
			<Target title="featdraw">
				<Option output="featdraw" prefix_auto="1" extension_auto="1" />
				<Option type="0" />
				<Option compiler="gcc" />
				<Option parameters="test/suhov-crop.wav" />
			</Target>
			<Target title="classify">
				<Option output="classify" prefix_auto="1" extension_auto="1" />
				<Option type="1" />
				<Option compiler="gcc" />
			</Target>
			<Target title="live">
				<Option output="live" prefix_auto="1" extension_auto="1" />
				<Option type="0" />
				<Option compiler="gcc" />
			</Target>
		</Build>
		<Compiler>
			<Add option="-Wall" />
			<Add directory="/usr/local/share/qt4/include" />
			<Add directory="/usr/local/share/qt4/include/QtGui" />
			<Add directory="/usr/local/share/qt4/include/QtCore" />
			<Add directory="/usr/local/share/qt4/include/QtXml" />
			<Add directory="/usr/local/share/qt4/include/QtXmlPatterns" />
			<Add directory="/usr/include/boost" />
			<Add directory="/home/berthe/Programmation/Neurones/include" />
		</Compiler>
		<Linker>
			<Add library="QtCore" />
			<Add library="QtGui" />
			<Add library="vlc" />
			<Add library="QtXml" />
			<Add library="QtXmlPatterns" />
			<Add library="boost_program_options" />
			<Add library="boost_thread" />
			<Add library="boost_filesystem" />
			<Add directory="/usr/local/share/qt4/lib" />
		</Linker>
		<Unit filename="include/algo/abstractneuron.h">
			<Option target="nnat" />
			<Option target="classify" />
			<Option target="featdraw" />
			<Option target="live" />
		</Unit>
		<Unit filename="include/algo/analysis.h">
			<Option target="nnat" />
			<Option target="classify" />
		</Unit>
		<Unit filename="include/algo/corpus.h">
			<Option target="nnat" />
			<Option target="mkcorpus" />
			<Option target="classify" />
			<Option target="live" />
		</Unit>
		<Unit filename="include/algo/inputneuron.h">
			<Option target="nnat" />
			<Option target="mkcorpus" />
			<Option target="classify" />
			<Option target="featdraw" />
			<Option target="live" />
		</Unit>
		<Unit filename="include/algo/neuron.h">
			<Option target="nnat" />
			<Option target="mkcorpus" />
			<Option target="classify" />
			<Option target="featdraw" />
			<Option target="live" />
		</Unit>
		<Unit filename="include/algo/nnetwork.h">
			<Option target="nnat" />
			<Option target="mkcorpus" />
			<Option target="classify" />
			<Option target="featdraw" />
			<Option target="live" />
		</Unit>
		<Unit filename="include/core/audiochunk.h">
			<Option target="nnat" />
			<Option target="mkcorpus" />
		</Unit>
		<Unit filename="include/core/classifier.h">
			<Option target="classify" />
		</Unit>
		<Unit filename="include/core/corpusbuilder.h">
			<Option target="mkcorpus" />
		</Unit>
		<Unit filename="include/core/featuredrawer.h">
			<Option target="featdraw" />
			<Option target="live" />
		</Unit>
		<Unit filename="include/core/liveplayer.h">
			<Option target="live" />
		</Unit>
		<Unit filename="include/core/soundanalyser.h">
			<Option target="mkcorpus" />
			<Option target="featdraw" />
			<Option target="classify" />
			<Option target="live" />
		</Unit>
		<Unit filename="include/core/spectrumRecorder.h">
			<Option target="specdraw" />
			<Option target="featdraw" />
		</Unit>
		<Unit filename="include/core/streamplayer.h">
			<Option target="mkcorpus" />
			<Option target="specdraw" />
			<Option target="featdraw" />
			<Option target="classify" />
			<Option target="live" />
		</Unit>
		<Unit filename="include/features/extractor.h">
			<Option target="mkcorpus" />
			<Option target="featdraw" />
			<Option target="classify" />
			<Option target="live" />
		</Unit>
		<Unit filename="include/features/hzcrr.h">
			<Option target="mkcorpus" />
			<Option target="featdraw" />
			<Option target="classify" />
			<Option target="live" />
		</Unit>
		<Unit filename="include/features/lster.h">
			<Option target="mkcorpus" />
			<Option target="featdraw" />
			<Option target="classify" />
			<Option target="live" />
		</Unit>
		<Unit filename="include/features/spectrum.h">
			<Option target="mkcorpus" />
			<Option target="specdraw" />
			<Option target="featdraw" />
			<Option target="classify" />
			<Option target="live" />
		</Unit>
		<Unit filename="include/features/ste.h">
			<Option target="mkcorpus" />
			<Option target="featdraw" />
			<Option target="classify" />
			<Option target="live" />
		</Unit>
		<Unit filename="include/features/zcr.h">
			<Option target="mkcorpus" />
			<Option target="featdraw" />
			<Option target="classify" />
			<Option target="live" />
		</Unit>
		<Unit filename="include/filters/average.h">
			<Option target="mkcorpus" />
			<Option target="specdraw" />
			<Option target="featdraw" />
			<Option target="classify" />
			<Option target="live" />
		</Unit>
		<Unit filename="include/filters/filter.h">
			<Option target="mkcorpus" />
			<Option target="specdraw" />
			<Option target="featdraw" />
			<Option target="classify" />
			<Option target="live" />
		</Unit>
		<Unit filename="include/filters/flux.h">
			<Option target="mkcorpus" />
			<Option target="specdraw" />
			<Option target="featdraw" />
			<Option target="classify" />
			<Option target="live" />
		</Unit>
		<Unit filename="include/filters/range.h">
			<Option target="mkcorpus" />
			<Option target="specdraw" />
			<Option target="featdraw" />
			<Option target="classify" />
			<Option target="live" />
		</Unit>
		<Unit filename="include/gui/editor.h">
			<Option target="nnat" />
		</Unit>
		<Unit filename="include/gui/view2D.h">
			<Option target="nnat" />
		</Unit>
		<Unit filename="src/algo/corpus.cpp">
			<Option target="nnat" />
			<Option target="mkcorpus" />
			<Option target="classify" />
			<Option target="live" />
		</Unit>
		<Unit filename="src/algo/neuron.cpp">
			<Option target="nnat" />
			<Option target="mkcorpus" />
			<Option target="classify" />
			<Option target="featdraw" />
			<Option target="live" />
		</Unit>
		<Unit filename="src/algo/nnetwork.cpp">
			<Option target="nnat" />
			<Option target="mkcorpus" />
			<Option target="classify" />
			<Option target="featdraw" />
			<Option target="live" />
		</Unit>
		<Unit filename="src/core/classifier.cpp">
			<Option target="classify" />
		</Unit>
		<Unit filename="src/core/corpusbuilder.cpp">
			<Option target="mkcorpus" />
		</Unit>
		<Unit filename="src/core/featuredrawer.cpp">
			<Option target="featdraw" />
			<Option target="live" />
		</Unit>
		<Unit filename="src/core/liveplayer.cpp">
			<Option target="live" />
		</Unit>
		<Unit filename="src/core/soundanalyser.cpp">
			<Option target="mkcorpus" />
			<Option target="featdraw" />
			<Option target="classify" />
			<Option target="live" />
		</Unit>
		<Unit filename="src/core/spectrumRecorder.cpp">
			<Option target="specdraw" />
			<Option target="featdraw" />
		</Unit>
		<Unit filename="src/core/streamplayer.cpp">
			<Option target="mkcorpus" />
			<Option target="specdraw" />
			<Option target="featdraw" />
			<Option target="classify" />
			<Option target="live" />
		</Unit>
		<Unit filename="src/features/hzcrr.cpp">
			<Option target="mkcorpus" />
			<Option target="featdraw" />
			<Option target="classify" />
			<Option target="live" />
		</Unit>
		<Unit filename="src/features/lster.cpp">
			<Option target="mkcorpus" />
			<Option target="featdraw" />
			<Option target="classify" />
			<Option target="live" />
		</Unit>
		<Unit filename="src/features/spectrum.cpp">
			<Option target="mkcorpus" />
			<Option target="specdraw" />
			<Option target="featdraw" />
			<Option target="classify" />
			<Option target="live" />
		</Unit>
		<Unit filename="src/features/ste.cpp">
			<Option target="mkcorpus" />
			<Option target="featdraw" />
			<Option target="classify" />
			<Option target="live" />
		</Unit>
		<Unit filename="src/features/zcr.cpp">
			<Option target="mkcorpus" />
			<Option target="featdraw" />
			<Option target="classify" />
			<Option target="live" />
		</Unit>
		<Unit filename="src/filters/average.cpp">
			<Option target="mkcorpus" />
			<Option target="specdraw" />
			<Option target="featdraw" />
			<Option target="classify" />
			<Option target="live" />
		</Unit>
		<Unit filename="src/filters/filter.cpp">
			<Option target="mkcorpus" />
			<Option target="specdraw" />
			<Option target="featdraw" />
			<Option target="classify" />
			<Option target="live" />
		</Unit>
		<Unit filename="src/filters/flux.cpp">
			<Option target="mkcorpus" />
			<Option target="specdraw" />
			<Option target="featdraw" />
			<Option target="classify" />
			<Option target="live" />
		</Unit>
		<Unit filename="src/filters/range.cpp">
			<Option target="mkcorpus" />
			<Option target="specdraw" />
			<Option target="featdraw" />
			<Option target="classify" />
			<Option target="live" />
		</Unit>
		<Unit filename="src/gui/editor.cpp">
			<Option target="nnat" />
		</Unit>
		<Unit filename="src/gui/moc_editor.cpp">
			<Option target="nnat" />
		</Unit>
		<Unit filename="src/gui/moc_view2D.cpp">
			<Option target="nnat" />
		</Unit>
		<Unit filename="src/gui/view2D.cpp">
			<Option target="nnat" />
		</Unit>
		<Unit filename="src/main/classify.cpp">
			<Option target="classify" />
		</Unit>
		<Unit filename="src/main/featdraw.cpp">
			<Option target="featdraw" />
		</Unit>
		<Unit filename="src/main/live.cpp">
			<Option target="live" />
		</Unit>
		<Unit filename="src/main/mkcorpus.cpp">
			<Option target="mkcorpus" />
		</Unit>
		<Unit filename="src/main/nnat.cpp">
			<Option target="nnat" />
		</Unit>
		<Unit filename="src/main/specdraw.cpp">
			<Option target="specdraw" />
		</Unit>
		<Extensions>
			<code_completion />
			<envvars />
			<lib_finder disable_auto="1" />
			<debugger />
		</Extensions>
	</Project>
</CodeBlocks_project_file>
